
Microsoft Visual Studio Solution File, Format Version 12.00
# Visual Studio 15
VisualStudioVersion = 15.0.27130.2010
MinimumVisualStudioVersion = 10.0.40219.1
Project("{FAE04EC0-301F-11D3-BF4B-00C04F79EFBC}") = "CloudflareDDNS", "CloudflareDDNS\CloudflareDDNS.csproj", "{F7484DDA-2C91-4BDE-912A-DB850C76C51A}"
EndProject
Global
	GlobalSection(SolutionConfigurationPlatforms) = preSolution
		Debug|Any CPU = Debug|Any CPU
		Release|Any CPU = Release|Any CPU
	EndGlobalSection
	GlobalSection(ProjectConfigurationPlatforms) = postSolution
		{F7484DDA-2C91-4BDE-912A-DB850C76C51A}.Debug|Any CPU.ActiveCfg = Debug|Any CPU
		{F7484DDA-2C91-4BDE-912A-DB850C76C51A}.Debug|Any CPU.Build.0 = Debug|Any CPU
		{F7484DDA-2C91-4BDE-912A-DB850C76C51A}.Release|Any CPU.ActiveCfg = Release|Any CPU
		{F7484DDA-2C91-4BDE-912A-DB850C76C51A}.Release|Any CPU.Build.0 = Release|Any CPU
	EndGlobalSection
	GlobalSection(SolutionProperties) = preSolution
		HideSolutionNode = FALSE
	EndGlobalSection
	GlobalSection(ExtensibilityGlobals) = postSolution
		SolutionGuid = {C03D9FA4-D19D-4326-96B8-C5B78C72B01F}
	EndGlobalSection
EndGlobal
